
Microsoft Visual Studio Solution File, Format Version 12.00
# Visual Studio 2012
Project("{FAE04EC0-301F-11D3-BF4B-00C04F79EFBC}") = "Boru.Pipeline", "src\Boru.Pipeline\Boru.Pipeline.csproj", "{441708CA-9D60-4024-B6F5-B73380B92D50}"
EndProject
Project("{FAE04EC0-301F-11D3-BF4B-00C04F79EFBC}") = "Boru.Pipeline.Tests", "tests\Boru.Pipeline.Tests\Boru.Pipeline.Tests.csproj", "{EA7DCFBE-0A94-42B8-9C36-74E2EA928905}"
EndProject
Global
	GlobalSection(SolutionConfigurationPlatforms) = preSolution
		Debug|Any CPU = Debug|Any CPU
		Release|Any CPU = Release|Any CPU
	EndGlobalSection
	GlobalSection(ProjectConfigurationPlatforms) = postSolution
		{441708CA-9D60-4024-B6F5-B73380B92D50}.Debug|Any CPU.ActiveCfg = Debug|Any CPU
		{441708CA-9D60-4024-B6F5-B73380B92D50}.Debug|Any CPU.Build.0 = Debug|Any CPU
		{441708CA-9D60-4024-B6F5-B73380B92D50}.Release|Any CPU.ActiveCfg = Release|Any CPU
		{441708CA-9D60-4024-B6F5-B73380B92D50}.Release|Any CPU.Build.0 = Release|Any CPU
		{EA7DCFBE-0A94-42B8-9C36-74E2EA928905}.Debug|Any CPU.ActiveCfg = Debug|Any CPU
		{EA7DCFBE-0A94-42B8-9C36-74E2EA928905}.Debug|Any CPU.Build.0 = Debug|Any CPU
		{EA7DCFBE-0A94-42B8-9C36-74E2EA928905}.Release|Any CPU.ActiveCfg = Release|Any CPU
		{EA7DCFBE-0A94-42B8-9C36-74E2EA928905}.Release|Any CPU.Build.0 = Release|Any CPU
	EndGlobalSection
	GlobalSection(SolutionProperties) = preSolution
		HideSolutionNode = FALSE
	EndGlobalSection
EndGlobal
